
Microsoft Visual Studio Solution File, Format Version 12.00
# Visual Studio 15
Project("{FAE04EC0-301F-11D3-BF4B-00C04F79EFBC}") = "Assembly-CSharp", "Assembly-CSharp.csproj", "{F4836962-AE94-798E-AA91-1EB00B117D31}"
EndProject
Project("{FAE04EC0-301F-11D3-BF4B-00C04F79EFBC}") = "GoogleMobileAds.Editor", "GoogleMobileAds.Editor.csproj", "{0F8EA594-F787-DEFC-A03E-B4696AEE0494}"
EndProject
Project("{FAE04EC0-301F-11D3-BF4B-00C04F79EFBC}") = "Assembly-CSharp-Editor", "Assembly-CSharp-Editor.csproj", "{4AF0574A-2FB5-0086-AE86-EB13594F9C54}"
EndProject
Global
	GlobalSection(SolutionConfigurationPlatforms) = preSolution
		Debug|Any CPU = Debug|Any CPU
		Release|Any CPU = Release|Any CPU
	EndGlobalSection
	GlobalSection(ProjectConfigurationPlatforms) = postSolution
		{F4836962-AE94-798E-AA91-1EB00B117D31}.Debug|Any CPU.ActiveCfg = Debug|Any CPU
		{F4836962-AE94-798E-AA91-1EB00B117D31}.Debug|Any CPU.Build.0 = Debug|Any CPU
		{F4836962-AE94-798E-AA91-1EB00B117D31}.Release|Any CPU.ActiveCfg = Release|Any CPU
		{F4836962-AE94-798E-AA91-1EB00B117D31}.Release|Any CPU.Build.0 = Release|Any CPU
		{0F8EA594-F787-DEFC-A03E-B4696AEE0494}.Debug|Any CPU.ActiveCfg = Debug|Any CPU
		{0F8EA594-F787-DEFC-A03E-B4696AEE0494}.Debug|Any CPU.Build.0 = Debug|Any CPU
		{0F8EA594-F787-DEFC-A03E-B4696AEE0494}.Release|Any CPU.ActiveCfg = Release|Any CPU
		{0F8EA594-F787-DEFC-A03E-B4696AEE0494}.Release|Any CPU.Build.0 = Release|Any CPU
		{4AF0574A-2FB5-0086-AE86-EB13594F9C54}.Debug|Any CPU.ActiveCfg = Debug|Any CPU
		{4AF0574A-2FB5-0086-AE86-EB13594F9C54}.Debug|Any CPU.Build.0 = Debug|Any CPU
		{4AF0574A-2FB5-0086-AE86-EB13594F9C54}.Release|Any CPU.ActiveCfg = Release|Any CPU
		{4AF0574A-2FB5-0086-AE86-EB13594F9C54}.Release|Any CPU.Build.0 = Release|Any CPU
	EndGlobalSection
	GlobalSection(SolutionProperties) = preSolution
		HideSolutionNode = FALSE
	EndGlobalSection
EndGlobal
